
Microsoft Visual Studio Solution File, Format Version 12.00
# Visual Studio Version 17
VisualStudioVersion = 17.11.35327.3
MinimumVisualStudioVersion = 10.0.40219.1
Project("{9A19103F-16F7-4668-BE54-9A1E7A4F7556}") = "application", "application\application.csproj", "{A734BDDF-361C-4B51-987D-07CC33E6698E}"
EndProject
Project("{FAE04EC0-301F-11D3-BF4B-00C04F79EFBC}") = "WebApplication", "WebApplication\WebApplication.csproj", "{40DBBF94-FD41-49E7-8317-6D965F5E30F8}"
EndProject
Project("{FAE04EC0-301F-11D3-BF4B-00C04F79EFBC}") = "MyLogger", "Logger\MyLogger.csproj", "{21468DA1-63F7-41E1-993D-13E04FA7C37B}"
EndProject
Project("{FAE04EC0-301F-11D3-BF4B-00C04F79EFBC}") = "Database", "Database\Database.csproj", "{54F26CED-BB9C-4DF2-932E-690972ACAF68}"
EndProject
Global
	GlobalSection(SolutionConfigurationPlatforms) = preSolution
		Debug|Any CPU = Debug|Any CPU
		Release|Any CPU = Release|Any CPU
	EndGlobalSection
	GlobalSection(ProjectConfigurationPlatforms) = postSolution
		{A734BDDF-361C-4B51-987D-07CC33E6698E}.Debug|Any CPU.ActiveCfg = Debug|Any CPU
		{A734BDDF-361C-4B51-987D-07CC33E6698E}.Debug|Any CPU.Build.0 = Debug|Any CPU
		{A734BDDF-361C-4B51-987D-07CC33E6698E}.Release|Any CPU.ActiveCfg = Release|Any CPU
		{A734BDDF-361C-4B51-987D-07CC33E6698E}.Release|Any CPU.Build.0 = Release|Any CPU
		{40DBBF94-FD41-49E7-8317-6D965F5E30F8}.Debug|Any CPU.ActiveCfg = Debug|Any CPU
		{40DBBF94-FD41-49E7-8317-6D965F5E30F8}.Debug|Any CPU.Build.0 = Debug|Any CPU
		{40DBBF94-FD41-49E7-8317-6D965F5E30F8}.Release|Any CPU.ActiveCfg = Release|Any CPU
		{40DBBF94-FD41-49E7-8317-6D965F5E30F8}.Release|Any CPU.Build.0 = Release|Any CPU
		{21468DA1-63F7-41E1-993D-13E04FA7C37B}.Debug|Any CPU.ActiveCfg = Debug|Any CPU
		{21468DA1-63F7-41E1-993D-13E04FA7C37B}.Debug|Any CPU.Build.0 = Debug|Any CPU
		{21468DA1-63F7-41E1-993D-13E04FA7C37B}.Release|Any CPU.ActiveCfg = Release|Any CPU
		{21468DA1-63F7-41E1-993D-13E04FA7C37B}.Release|Any CPU.Build.0 = Release|Any CPU
		{54F26CED-BB9C-4DF2-932E-690972ACAF68}.Debug|Any CPU.ActiveCfg = Debug|Any CPU
		{54F26CED-BB9C-4DF2-932E-690972ACAF68}.Debug|Any CPU.Build.0 = Debug|Any CPU
		{54F26CED-BB9C-4DF2-932E-690972ACAF68}.Release|Any CPU.ActiveCfg = Release|Any CPU
		{54F26CED-BB9C-4DF2-932E-690972ACAF68}.Release|Any CPU.Build.0 = Release|Any CPU
	EndGlobalSection
	GlobalSection(SolutionProperties) = preSolution
		HideSolutionNode = FALSE
	EndGlobalSection
	GlobalSection(ExtensibilityGlobals) = postSolution
		SolutionGuid = {23BFFF5E-07E1-4302-9D63-CE5D00C32FB4}
	EndGlobalSection
EndGlobal
